[[package]]
name = "atomicwrites"
version = "1.1.5"
description = "Atomic file writes."
category = "dev"
optional = false
python-versions = "*"
platform = "UNKNOWN"

[[package]]
name = "attrs"
version = "18.1.0"
description = "Classes Without Boilerplate"
category = "dev"
optional = false
python-versions = "*"
platform = "*"

[[package]]
name = "colorama"
version = "0.3.9"
description = "Cross-platform colored terminal text."
category = "dev"
optional = false
python-versions = "*"
platform = "UNKNOWN"

[package.requirements]
platform = "win32"
[[package]]
name = "funcsigs"
version = "1.0.2"
description = "Python function signatures from PEP362 for Python 2.6, 2.7 and 3.2+"
category = "dev"
optional = false
python-versions = "*"
platform = "UNKNOWN"

[package.dependencies]
ordereddict = "*"
[package.requirements]
python = "<3.0"
[[package]]
name = "futures"
version = "3.2.0"
description = "Backport of the concurrent.futures package from Python 3"
category = "dev"
optional = false
python-versions = ">=2.6, <3"
platform = "*"

[package.requirements]
python = "~2.7"
[[package]]
name = "fuzzywuzzy"
version = "0.16.0"
description = "Fuzzy string matching in python"
category = "main"
optional = false
python-versions = "*"
platform = "*"

[[package]]
name = "isort"
version = "4.3.4"
description = "A Python utility / library to sort Python imports."
category = "dev"
optional = false
python-versions = "*"
platform = "*"

[package.dependencies]
futures = "*"
[[package]]
name = "joblib"
version = "0.11"
description = "Lightweight pipelining: using Python functions as pipeline jobs."
category = "main"
optional = false
python-versions = "*"
platform = "any"

[[package]]
name = "matplotlib"
version = "2.2.2"
description = "Python plotting package"
category = "main"
optional = false
python-versions = "*"
platform = "any"

[[package]]
name = "mccabe"
version = "0.6.1"
description = "McCabe checker, plugin for flake8"
category = "dev"
optional = false
python-versions = "*"
platform = "*"

[[package]]
name = "more-itertools"
version = "4.2.0"
description = "More routines for operating on iterables, beyond itertools"
category = "dev"
optional = false
python-versions = "*"
platform = "*"

[package.dependencies]
six = "< 2.0.0.0, >= 1.0.0.0"
[[package]]
name = "mpmath"
version = "1.0.0"
description = "Python library for arbitrary-precision floating-point arithmetic"
category = "main"
optional = false
python-versions = "*"
platform = "*"

[[package]]
name = "numpy"
version = "1.14.3"
description = "NumPy: array processing for numbers, strings, records, and objects."
category = "main"
optional = false
python-versions = ">=2.7,!=3.0.*,!=3.1.*,!=3.2.*,!=3.3.*"
platform = "Windows"

[[package]]
name = "optunity"
version = "1.1.1"
description = "Optimization routines for hyperparameter tuning."
category = "main"
optional = false
python-versions = "*"
platform = "any"

[[package]]
name = "ordereddict"
version = "1.1"
description = "A drop-in substitute for Py2.7's new collections.OrderedDict that works in Python 2.4-2.6."
category = "dev"
optional = false
python-versions = "*"
platform = "UNKNOWN"

[package.requirements]
python = "<3.0"
[[package]]
name = "pandas"
version = "0.23.0"
description = "Powerful data structures for data analysis, time series, and statistics"
category = "main"
optional = false
python-versions = ">=2.7,!=3.0.*,!=3.1.*,!=3.2.*,!=3.3.*,!=3.4.*"
platform = "any"

[package.dependencies]
numpy = ">= 1.9.0.0"
pytz = ">= 2011.0.0.0-k"
python-dateutil = ">= 2.5.0.0"
[[package]]
name = "pendulum"
version = "2.0.1"
description = "Python datetimes made easy"
category = "main"
optional = false
python-versions = ">=2.7, !=3.0.*, !=3.1.*, !=3.2.*, !=3.3.*"
platform = "*"

[package.dependencies]
typing = ">= 3.6.0.0, < 4.0.0.0"
pytzdata = ">= 2018.3.0.0"
python-dateutil = ">= 2.6.0.0, < 3.0.0.0"
[[package]]
name = "pluggy"
version = "0.6.0"
description = "plugin and hook calling mechanisms for python"
category = "dev"
optional = false
python-versions = ">=2.7, !=3.0.*, !=3.1.*, !=3.2.*, !=3.3.*"
platform = "unix"

[[package]]
name = "py"
version = "1.5.3"
description = "library with cross-python path, ini-parsing, io, code, log facilities"
category = "dev"
optional = false
python-versions = ">=2.7, !=3.0.*, !=3.1.*, !=3.2.*, !=3.3.*"
platform = "unix"

[[package]]
name = "pycodestyle"
version = "2.4.0"
description = "Python style guide checker"
category = "dev"
optional = false
python-versions = "*"
platform = "*"

[[package]]
name = "pydocstyle"
version = "2.1.1"
description = "Python docstring style checker"
category = "dev"
optional = false
python-versions = "*"
platform = "*"

[[package]]
name = "pyflakes"
version = "2.0.0"
description = "passive checker of Python programs"
category = "dev"
optional = false
python-versions = "*"
platform = "*"

[[package]]
name = "pylama"
version = "7.4.3"
description = "pylama -- Code audit tool for python"
category = "dev"
optional = false
python-versions = "*"
platform = "*"

[package.dependencies]
mccabe = ">= 0.5.2.0"
pycodestyle = ">= 2.3.1.0"
pydocstyle = ">= 2.0.0.0"
pyflakes = ">= 1.5.0.0"
[[package]]
name = "pytest"
version = "3.6.0"
description = "pytest: simple powerful testing with Python"
category = "dev"
optional = false
python-versions = ">=2.7, !=3.0.*, !=3.1.*, !=3.2.*, !=3.3.*"
platform = "unix"

[package.dependencies]
colorama = "*"
funcsigs = "*"
pluggy = "< 0.7.0.0, >= 0.5.0.0"
atomicwrites = ">= 1.0.0.0"
more-itertools = ">= 4.0.0.0"
attrs = ">= 17.4.0.0"
setuptools = "*"
six = ">= 1.10.0.0"
py = ">= 1.5.0.0"
[[package]]
name = "python-dateutil"
version = "2.7.3"
description = "Extensions to the standard Python datetime module"
category = "main"
optional = false
python-versions = ">=2.7, !=3.0.*, !=3.1.*, !=3.2.*"
platform = "*"

[package.dependencies]
six = ">= 1.5.0.0"
[[package]]
name = "python-levenshtein"
version = "0.12.0"
description = "Python extension for computing string edit distances and similarities."
category = "main"
optional = false
python-versions = "*"
platform = "UNKNOWN"

[package.dependencies]
setuptools = "*"
[[package]]
name = "pytz"
version = "2018.4"
description = "World timezone definitions, modern and historical"
category = "main"
optional = false
python-versions = "*"
platform = "Independent"

[[package]]
name = "pytzdata"
version = "2018.5"
description = "Official timezone database for Python."
category = "main"
optional = false
python-versions = ">=2.7, !=3.0.*, !=3.1.*, !=3.2.*, !=3.3.*"
platform = "*"

[[package]]
name = "salib"
version = "1.1.3"
description = "Tools for sensitivity analysis. Contains Sobol, Morris, and FAST methods"
category = "main"
optional = false
python-versions = "*"
platform = "*"

[package.dependencies]
numpy = ">= 1.9.0.0"
scipy = "*"
matplotlib = ">= 1.4.3.0"
[[package]]
name = "scikit-learn"
version = "0.19.1"
description = "A set of python modules for machine learning and data mining"
category = "main"
optional = false
python-versions = "*"
platform = "*"

[[package]]
name = "scipy"
version = "1.1.0"
description = "SciPy: Scientific Library for Python"
category = "main"
optional = false
python-versions = ">=2.7,!=3.0.*,!=3.1.*,!=3.2.*,!=3.3.*"
platform = "Windows"

[package.dependencies]
numpy = ">= 1.8.2.0"
[[package]]
name = "six"
version = "1.11.0"
description = "Python 2 and 3 compatibility utilities"
category = "main"
optional = false
python-versions = "*"
platform = "*"

[[package]]
name = "sklearn"
version = "0.0"
description = "A set of python modules for machine learning and data mining"
category = "main"
optional = false
python-versions = "*"
platform = "all"

[package.dependencies]
scikit-learn = "*"
[[package]]
name = "sympy"
version = "1.1.1"
description = "Computer algebra system (CAS) in Python"
category = "main"
optional = false
python-versions = "*"
platform = "*"

[package.dependencies]
mpmath = ">= 0.19.0.0"
[[package]]
name = "typing"
version = "3.6.4"
description = "Type Hints for Python"
category = "main"
optional = false
python-versions = "*"
platform = "*"

[package.requirements]
python = "<3.5.0.0"
[[package]]
name = "voluptuous"
version = "0.11.1"
description = "Voluptuous is a Python data validation library"
category = "main"
optional = false
python-versions = "*"
platform = "any"

[[package]]
name = "xarray"
version = "0.10.4"
description = "N-D labeled arrays and datasets in Python"
category = "main"
optional = false
python-versions = "*"
platform = "*"

[package.dependencies]
pandas = ">= 0.18.0.0"
numpy = ">= 1.11.0.0"
[[package]]
name = "yapf"
version = "0.22.0"
description = "A formatter for Python code."
category = "dev"
optional = false
python-versions = "*"
platform = "*"

[metadata]
python-versions = "*"
platform = "*"
content-hash = "36340b9f8285c2dc2c6a79c5ea982bfbe334932ec59f0a306281e84cb3ef1075"

[metadata.hashes]
atomicwrites = [ "a24da68318b08ac9c9c45029f4a10371ab5b20e4226738e150e6e7c571630ae6", "240831ea22da9ab882b551b31d4225591e5e447a68c5e188db5b89ca1d487585",]
attrs = [ "4b90b09eeeb9b88c35bc642cbac057e45a5fd85367b985bd2809c62b7b939265", "e0d0eb91441a3b53dab4d9b743eafc1ac44476296a2053b6ca3af0b139faf87b",]
colorama = [ "463f8483208e921368c9f306094eb6f725c6ca42b0f97e313cb5d5512459feda", "48eb22f4f8461b1df5734a074b57042430fb06e1d61bd1e11b078c0fe6d7a1f1",]
funcsigs = [ "330cc27ccbf7f1e992e69fef78261dc7c6569012cf397db8d3de0234e6c937ca", "a7bb0f2cf3a3fd1ab2732cb49eba4252c2af4240442415b4abce3b87022a8f50",]
futures = [ "ec0a6cb848cc212002b9828c3e34c675e0c9ff6741dc445cab6fdd4e1085d1f1", "9ec02aa7d674acb8618afb127e27fde7fc68994c0437ad759fa094a574adb265",]
fuzzywuzzy = [ "ecf490216fb4d76b558a03042ff8f45a8782f17326caca1384d834cbaa2c7e6f", "d40c22d2744dff84885b30bbfc07fab7875f641d070374331777a4d1808b8d4e",]
isort = [ "ec9ef8f4a9bc6f71eec99e1806bfa2de401650d996c59330782b89a5555c1497", "1153601da39a25b14ddc54955dbbacbb6b2d19135386699e2ad58517953b34af", "b9c40e9750f3d77e6e4d441d8b0266cf555e7cdabdcff33c4fd06366ca761ef8",]
joblib = [ "cf3420e27048c66916754472bc3a2d4717271103a4806f31f11707a3d82a991f", "7b8fd56df36d9731a83729395ccb85a3b401f62a96255deb1a77220c00ed4085",]
matplotlib = [ "3fd90b407d1ab0dae686a4200030ce305526ff20b85a443dc490d194114b2dfa", "7b3d03c876684618e2a2be6abeb8d3a033c3a1bb38a786f751199753ef6227e6", "abfd3d9390eb4f2d82cbcaa3a5c2834c581329b64eccb7a071ed9d5df27424f7", "07055eb872fa109bd88f599bdb52065704b2e22d475b67675f345d75d32038a0", "0f2f253d6d51f5ed52a819921f8a0a8e054ce0daefcfbc2557e1c433f14dc77d", "1ef9fd285334bd6b0495b6de9d56a39dc95081577f27bafabcf28e0d318bed31", "70f0e407fbe9e97f16597223269c849597047421af5eb8b60dbaca0382037e78", "3fb2db66ef98246bafc04b4ef4e9b0e73c6369f38a29716844e939d197df816a", "dc0ba2080fd0cfdd07b3458ee4324d35806733feb2b080838d7094731d3f73d9", "4bb10087e09629ba3f9b25b6c734fd3f99542f93d71c5b9c023f28cb377b43a9", "bc4d7481f0e8ec94cb1afc4a59905d6274b3b4c389aba7a2539e071766671735", "4f6a516d5ef39128bb16af7457e73dde25c30625c4916d8fbd1cc7c14c55e691", "8ff08eaa25c66383fe3b6c7eb288da3c22dcedc4b110a0b592b35f68d0e093b2", "f26fba7fc68994ab2805d77e0695417f9377a00d36ba4248b5d0f1e5adb08d24", "8944d311ce37bee1ba0e41a9b58dcf330ffe0cf29d7654c3d07c572215da68ac", "45dac8589ef1721d7f2ab0f48f986694494dfcc5d13a3e43a5cb6c816276094e", "9d12378d6a236aa38326e27f3a29427b63edce4ce325745785aec1a7535b1f85", "4dc7ef528aad21f22be85e95725234c5178c0f938e2228ca76640e5e84d8cde8",]
mccabe = [ "ab8a6258860da4b6677da4bd2fe5dc2c659cff31b3ee4f7f5d64e79735b80d42", "dd8d182285a0fe56bace7f45b5e7d1a6ebcbf524e8f3bd87eb0f125271b8831f",]
more-itertools = [ "a18d870ef2ffca2b8463c0070ad17b5978056f403fb64e3f15fe62a52db21cc0", "6703844a52d3588f951883005efcf555e49566a48afd4db4e965d69b883980d3", "2b6b9893337bfd9166bee6a62c2b0c9fe7735dcf85948b387ec8cba30e85d8e8",]
mpmath = [ "04d14803b6875fe6d69e6dccea87d5ae5599802e4b1df7997bddd2024001050c",]
numpy = [ "a8dbab311d4259de5eeaa5b4e83f5f8545e4808f9144e84c0f424a6ee55a7b98", "034717bfef517858abc79324820a702dc6cd063effb9baab86533e8a78670689", "f39afab5769b3aaa786634b94b4a23ef3c150bdda044e8a32a3fc16ddafe803b", "8670067685051b49d1f2f66e396488064299fefca199c7c80b6ba0c639fedc98", "0db6301324d0568089663ef2701ad90ebac0e975742c97460e89366692bd0563", "98ff275f1b5907490d26b30b6ff111ecf2de0254f0ab08833d8fe61aa2068a00", "aaef1bea636b6e552bbc5dae0ada87d4f6046359daaa97a05a013b0169620f27", "760550fdf9d8ec7da9c4402a4afe6e25c0f184ae132011676298a6b636660b45", "e8578a62a8eaf552b95d62f630bb5dd071243ba1302bbff3e55ac48588508736", "e33baf50f2f6b7153ddb973601a11df852697fba4c08b34a5e0f39f66f8120e1", "0074d42e2cc333800bd09996223d40ec52e3b1ec0a5cab05dacc09b662c4c1ae", "c3fe23df6fe0898e788581753da453f877350058c5982e85a8972feeecb15309", "1864d005b2eb7598063e35c320787d87730d864f40d6410f768fe4ea20672016", "f22b3206f1c561dd9110b93d144c6aaa4a9a354e3b07ad36030df3ea92c5bb5b", "c80fcf9b38c7f4df666150069b04abbd2fe42ae640703a6e1f128cda83b552b7", "510863d606c932b41d2209e4de6157ab3fdf52001d3e4ad351103176d33c4b8b", "c5eb7254cfc4bd7a4330ad7e1f65b98343836865338c57b0e25c661e41d5cfd9", "b8987e30d9a0eb6635df9705a75cf8c4a2835590244baecf210163343bc65176", "57dc6c22d59054542600fce6fae2d1189b9c50bafc1aab32e55f7efcc84a6c46", "46ce8323ca9384814c7645298b8b627b7d04ce97d6948ef02da357b2389d6972", "9ccf4d5c9139b1e985db915039baa0610a7e4a45090580065f8d8cb801b7422f", "560e23a12e7599be8e8b67621396c5bc687fd54b48b890adbc71bc5a67333f86", "9016692c7d390f9d378fc88b7a799dc9caa7eb938163dda5276d3f3d6f75debf",]
optunity = [ "28c6a9104872c580f46648c7fd1f4a2b39e10593c1eb31f61f6da1acd275f07c", "a83618dd37e014c5993e8877749e0ee17864d24783f19f5ebdeedb5525c0a65b",]
ordereddict = [ "1c35b4ac206cef2d24816c89f89cf289dd3d38cf7c449bb3fab7bf6d43f01b1f",]
pandas = [ "d88f484a25ac212fd720b5f9b9686e83f86df2b091b51f4b7b1d9089bd842f79", "5de7275fc7222211dcac603ea81f1e143c45f8ec41d2e21df71aad0c95c1097c", "d5f72c8239e46cfcc363c7e532a474b7ea3d8892b7b6e5ec0da6b3ebae2a07d3", "835c5a2aeaa3cb5ef2a1d771c75ee3a73d6ad1b82cfc54677c8f863c75fa51bd", "2d6b7b152a6ba44627c60df291f773c4438df01653abcbec7fc556d6039f1705", "8398d7a47ae667a639ac4ee6724d7ef98602b5ff2b10b5b4d5e6ab45a8d596d2", "758b8f6c68bc99b2eb64e57092d3aa07bd68a774e92e7686e473e0d9c86a2309", "7261b3567804a70714cc2591e2f7f1e372379db9e140f9d7ffb4b8884eaa48f7", "295cf212054b28f1d111f3ffff932a012601558424ec892f2450d6197f6eeb92", "d4495aba61060d87c634fc777ac15aecd1d176987e5ed0585a3ed7e2f4e6c1f7", "9e5ee41d1550ec36093c95e30644e313df4b57c1cdead545754d9c113aecbbb5", "29960ea1783c59fe86b323799b130592149e0f7bb739149e7fc512b0272d9fc3", "98054c04318ba46bb81433230c2e5fab6a68df916ccb5355d428907bfb16b257", "29dde0874d1efb8a346f8d919b0530a9ae788ad1003752376133e38df09e6fcb", "84ab1d50590cb2d9554211f164dc1b1a216bc94da2ba922aed2690c83f248fd9",]
pendulum = [ "4ff30c1e78e2e2f9b9caa833e04106a45502fe4504c2da88fd56c3da983b339a", "999ad7c9975b5ecc03b4fc2bbd7853650f3a272320bf92b3526601d008826c53", "6dc3c640cee078245271d407ce4fe74217518a57d5bd404addc017083c35cf9c", "0671c69452adaa685b3c6923ac7fc10b0b86e0c05bdad3c80bfa962e1e730f5b", "a2d2e50890400a258166a7cfdf1a01164aa16bd402fd8b404c7131c3d9cf7c55", "deb2f38ac2fac5759094bcf0e0344154d3b0d5b2fe2b8962a533cdc4e67f609d", "69c305e436402caa49e782e5dfc766b5a0b17a74d40acdbd1cefcf589ab90c88", "d85e4f62547f681f59aefbe50606f161d9318103b35515edccce48c50fc373ff", "930507c3af387315aca21cd7b1ba8148e7a0875aaa70f28de2f0f4fff61c70c5", "319eb6507e129ef14517805f4e1dcfcd01f2a8eeac55a61ec8f5d115f145f53e",]
pluggy = [ "d345c8fe681115900d6da8d048ba67c25df42973bda370783cd58826442dcd7c", "e160a7fcf25762bb60efc7e171d4497ff1d8d2d75a3d0df7a21b76821ecbf5c5", "7f8ae7f5bdf75671a718d2daf0a64b7885f74510bcd98b1a0bb420eb9a9d0cff",]
py = [ "983f77f3331356039fdd792e9220b7b8ee1aa6bd2b25f567a963ff1de5a64f6a", "29c9fab495d7528e80ba1e343b958684f4ace687327e6f789a94bf3d1915f881",]
pycodestyle = [ "cbc619d09254895b0d12c2c691e237b2e91e9b2ecf5e84c26b35400f93dcfb83", "74abc4e221d393ea5ce1f129ea6903209940c1ecd29e002e8c6933c2b21026e0", "cbfca99bd594a10f674d0cd97a3d802a1fdef635d4361e1a2658de47ed261e3a",]
pydocstyle = [ "08a870edc94508264ed90510db466c6357c7192e0e866561d740624a8fc7d90c", "af9fcccb303899b83bec82dc9a1d56c60fc369973223a5e80c3dfa9bdf984405", "4d5bcde961107873bae621f3d580c3e35a426d3687ffc6f8fb356f6628da5a97",]
pyflakes = [ "f661252913bc1dbe7fcfcbf0af0db3f42ab65aabd1a6ca68fe5d466bace94dae", "9a7662ec724d0120012f6e29d6248ae3727d821bba522a0e6b356eff19126a49",]
pylama = [ "a3670459e7855529e2ccd3959e0bdebd694ac62bcdc7c58a877f3456c0a2058b", "390c1dab1daebdf3d6acc923e551b035c3faa77d8b96b98530c230493f9ec712",]
pytest = [ "c76e93f3145a44812955e8d46cdd302d8a45fbfc7bf22be24fe231f9d8d8853a", "39555d023af3200d004d09e51b4dd9fdd828baa863cded3fd6ba2f29f757ae2d",]
python-dateutil = [ "1adb80e7a782c12e52ef9a8182bebeb73f1d7e24e374397af06fb4956c8dc5c0", "e27001de32f627c22380a688bcc43ce83504a7bc5da472209b4c70f02829f0b8",]
python-levenshtein = [ "033a11de5e3d19ea25c9302d11224e1a1898fe5abd23c61c7c360c25195e3eb1",]
pytz = [ "65ae0c8101309c45772196b21b74c46b2e5d11b6275c45d251b150d5da334555", "c06425302f2cf668f1bba7a0a03f3c1d34d4ebeef2c72003da308b3947c7f749",]
pytzdata = [ "1d936da41ee06216d89fdc7ead1ee9a5da2811a8787515a976b646e110c3f622", "e4ef42e82b0b493c5849eed98b5ab49d6767caf982127e9a33167f1153b36cc5",]
salib = [ "a69334cba08d1e1b2d73380da9d247d331acb9fc071fe3cc273095ef7286113d",]
scikit-learn = [ "3775cca4ce3f94508bb7c8a6b113044b78c16b0a30a5c169ddeb6b9fe57a8a72", "873245b03361710f47c5410a050dc56ee8ae97b9f8dcc6e3a81521ca2b64ad10", "370919e3148253fd6552496c33a1e3d78290a336fc8d1b9349d9e9770fae6ec0", "ce78bf4d10bd7e28807c36c6d2ab25a9934aaf80906ad987622a5e45627d91a2", "ba3fd442ae1a46830789b3578867daaf2c8409dcca6bf192e30e85beeabbfc2f", "a21cf8217e31a9e8e32c559246e05e6909981816152406945ae2e3e244dfcc1f", "e54a3dd1fe1f8124de90b93c48d120e6da2ea8df29b6895325df01ddc1bd8e26", "f9abae483f4d52acd6f660addb1b67e35dc5748655250af479de2ea6aefc6df0", "5c9ff456d67ef9094e5ea272fff2be05d399a47fc30c6c8ed653b94bdf787bd1", "871669cdb5b3481650fe3adff46eb97c455e30ecdc307eaf382ef90d4e2570ab", "d4da369614e55540c7e830ccdd17ab4fe5412ff8e803a4906d3ece393e2e3a63", "42f3c5bd893ed73bf47ccccf04dfb98fae743f397d688bb58c2238c0e6ec15d2", "95b155ef6bf829ddfba6026f100ba8e4218b7171ecab97b2163bc9e8d206848f", "72c194c5092e921d6107a8de8a5adae58c35bbc54e030ba624b6f02fd823bb21", "f528c4b2bba652cf116f5cccf36f4db95a7f9cbfcd1ee549c4e8d0f8628783b5", "d384e6f9a055b7a43492f9d27779adb717eb5dcf78b0603b01d0f070a608d241", "ee8c3b1898c728b6e5b5659c233f547700a1fea13ce876b6fe7d3434c70cc0e0", "56cfa19c31edf62e6414da0a337efee37a4af488b135640e67238786b9be6ab3", "5db9e68a384ce80a17fc449d4d5d9b45025fe17cf468429599bf404eccb51049", "8b17fc29554c5c98d88142f895516a5bec2b6b61daa815e1193a64c868ad53d2", "13136c6e4f6b808569f7f59299d439b2cd718f85d72ea14b5b6077d44ebc7d17", "ddc1eb10138ae93c136cc4b5945d3977f302b5d693592a4731b2805a7d7f2a74", "5ca0ad32ee04abe0d4ba02c8d89d501b4e5e0304bdf4d45c2e9875a735b323a0", "6e0899953611d0c47c0d49c5950082ab016b38811fced91cd2dcc889dd94f50a", "b2a10e2f9b73de10d8486f7a23549093436062b69139158802910a0f154aa53b", "a58746d4f389ea7df1d908dba8b52f709835f91c342f459a3ade5424330c69d1", "fdc39e89bd3466befb76dfc0c258d4ccad159df974954a87de3be5759172a067",]
scipy = [ "340ef70f5b0f4e2b4b43c8c8061165911bc6b2ad16f8de85d9774545e2c47463", "c22b27371b3866c92796e5d7907e914f0e58a36d3222c5d436ddd3f0e354227a", "d8491d4784aceb1f100ddb8e31239c54e4afab8d607928a9f7ef2469ec35ae01", "8190770146a4c8ed5d330d5b5ad1c76251c63349d25c96b3094875b930c44692", "08237eda23fd8e4e54838258b124f1cd141379a5f281b0a234ca99b38918c07a", "dfc5080c38dde3f43d8fbb9c0539a7839683475226cf83e4b24363b227dfe552", "e7a01e53163818d56eabddcafdc2090e9daba178aad05516b20c6591c4811020", "0e645dbfc03f279e1946cf07c9c754c2a1859cb4a41c5f70b25f6b3a586b6dbd", "f0521af1b722265d824d6ad055acfe9bd3341765735c44b5a4d0069e189a0f40", "3b243c77a822cd034dad53058d7c2abf80062aa6f4a32e9799c95d6391558631", "8f841bbc21d3dad2111a94c490fb0a591b8612ffea86b8e5571746ae76a3deac", "ee677635393414930541a096fc8e61634304bb0153e4e02b75685b11eba14cae", "423b3ff76957d29d1cce1bc0d62ebaf9a3fdfaf62344e3fdec14619bb7b5ad3a", "0611ee97296265af4a21164a5323f8c1b4e8e15c582d3dfa7610825900136bb7", "108c16640849e5827e7d51023efb3bd79244098c3f21e4897a1007720cb7ce37", "3ad73dfc6f82e494195144bd3a129c7241e761179b7cb5c07b9a0ede99c686f3", "d0cdd5658b49a722783b8b4f61a6f1f9c75042d0e29a30ccb6cacc9b25f6d9e2", "e24e22c8d98d3c704bb3410bce9b69e122a8de487ad3dbfe9985d154e5c03a40", "404a00314e85eca9d46b80929571b938e97a143b4f2ddc2b2b3c91a4c4ead9c5", "729f8f8363d32cebcb946de278324ab43d28096f36593be6281ca1ee86ce6559", "0e9bb7efe5f051ea7212555b290e784b82f21ffd0f655405ac4f87e288b730b3", "698c6409da58686f2df3d6f815491fd5b4c2de6817a45379517c92366eea208f", "878352408424dffaa695ffedf2f9f92844e116686923ed9aa8626fc30d32cfd1",]
six = [ "832dc0e10feb1aa2c68dcc57dbb658f1c7e65b9b61af69048abc87a2db00a0eb", "70e8a77beed4562e7f14fe23a786b54f6296e34344c23bc42f07b15018ff98e9",]
sklearn = [ "e23001573aa194b834122d2b9562459bf5ae494a2d59ca6b8aa22c85a44c0e31",]
sympy = [ "ac5b57691bc43919dcc21167660a57cc51797c28a4301a6144eff07b751216a4",]
typing = [ "b2c689d54e1144bbcfd191b0832980a21c2dbcf7b5ff7a66248a60c90e951eb8", "3a887b021a77b292e151afb75323dea88a7bc1b3dfa92176cff8e44c8b68bddf", "d400a9344254803a2368533e4533a4200d21eb7b6b729c173bc38201a74db3f2",]
voluptuous = [ "6bbbe83a509d948230e9f921ba2e75173590be988eeb446dbe7a54268bef4da8", "af7315c9fa99e0bfd195a21106c82c81619b42f0bd9b6e287b797c6b6b6a9918",]
xarray = [ "70d1af6509deb427783312bfbb0bc64a40ab182727afd4f2b5bd06b52efb585b", "64c2d07b75b8ea1320cba521818a2f09107f5f46514d50ff5ef1c4d5da90aaf1",]
yapf = [ "6567745f0b6656f9c33a73c56a393071c699e6284a70d793798ab6e3769d25ec", "a98a6eacca64d2b920558f4a2f78150db9474de821227e60deaa29f186121c63",]
